
Microsoft Visual Studio Solution File, Format Version 12.00
# Visual Studio Version 16
VisualStudioVersion = 16.0.30002.166
MinimumVisualStudioVersion = 10.0.40219.1
Project("{FAE04EC0-301F-11D3-BF4B-00C04F79EFBC}") = "WebApplication3", "WebApplication3\WebApplication3.csproj", "{A5553F87-245F-4E1F-BED6-81E07F39BFF1}"
EndProject
Global
	GlobalSection(SolutionConfigurationPlatforms) = preSolution
		Debug|Any CPU = Debug|Any CPU
		Release|Any CPU = Release|Any CPU
	EndGlobalSection
	GlobalSection(ProjectConfigurationPlatforms) = postSolution
		{A5553F87-245F-4E1F-BED6-81E07F39BFF1}.Debug|Any CPU.ActiveCfg = Debug|Any CPU
		{A5553F87-245F-4E1F-BED6-81E07F39BFF1}.Debug|Any CPU.Build.0 = Debug|Any CPU
		{A5553F87-245F-4E1F-BED6-81E07F39BFF1}.Release|Any CPU.ActiveCfg = Release|Any CPU
		{A5553F87-245F-4E1F-BED6-81E07F39BFF1}.Release|Any CPU.Build.0 = Release|Any CPU
	EndGlobalSection
	GlobalSection(SolutionProperties) = preSolution
		HideSolutionNode = FALSE
	EndGlobalSection
	GlobalSection(ExtensibilityGlobals) = postSolution
		SolutionGuid = {D8DA08BA-C718-4996-9362-E4A86B2DD044}
	EndGlobalSection
EndGlobal
